// !$*UTF8*$!
{
	archiveVersion = 1;
	classes = {
	};
	objectVersion = 56;
	objects = {

/* Begin PBXBuildFile section */
		70FFC4B02949ED0400927220 /* AppDelegate.swift in Sources */ = {isa = PBXBuildFile; fileRef = 70FFC4AF2949ED0400927220 /* AppDelegate.swift */; };
		70FFC4B22949ED0400927220 /* SceneDelegate.swift in Sources */ = {isa = PBXBuildFile; fileRef = 70FFC4B12949ED0400927220 /* SceneDelegate.swift */; };
		70FFC4B42949ED0400927220 /* ViewController.swift in Sources */ = {isa = PBXBuildFile; fileRef = 70FFC4B32949ED0400927220 /* ViewController.swift */; };
		70FFC4B72949ED0400927220 /* Main.storyboard in Resources */ = {isa = PBXBuildFile; fileRef = 70FFC4B52949ED0400927220 /* Main.storyboard */; };
		70FFC4B92949ED0400927220 /* Assets.xcassets in Resources */ = {isa = PBXBuildFile; fileRef = 70FFC4B82949ED0400927220 /* Assets.xcassets */; };
		70FFC4BC2949ED0400927220 /* LaunchScreen.storyboard in Resources */ = {isa = PBXBuildFile; fileRef = 70FFC4BA2949ED0400927220 /* LaunchScreen.storyboard */; };
		70FFC4C72949ED0400927220 /* SegueTests.swift in Sources */ = {isa = PBXBuildFile; fileRef = 70FFC4C62949ED0400927220 /* SegueTests.swift */; };
		70FFC4D12949ED0400927220 /* SegueUITests.swift in Sources */ = {isa = PBXBuildFile; fileRef = 70FFC4D02949ED0400927220 /* SegueUITests.swift */; };
		70FFC4D32949ED0400927220 /* SegueUITestsLaunchTests.swift in Sources */ = {isa = PBXBuildFile; fileRef = 70FFC4D22949ED0400927220 /* SegueUITestsLaunchTests.swift */; };
		70FFC4E02949EE2D00927220 /* SecondViewController.swift in Sources */ = {isa = PBXBuildFile; fileRef = 70FFC4DF2949EE2D00927220 /* SecondViewController.swift */; };
/* End PBXBuildFile section */

/* Begin PBXContainerItemProxy section */
		70FFC4C32949ED0400927220 /* PBXContainerItemProxy */ = {
			isa = PBXContainerItemProxy;
			containerPortal = 70FFC4A42949ED0300927220 /* Project object */;
			proxyType = 1;
			remoteGlobalIDString = 70FFC4AB2949ED0400927220;
			remoteInfo = Segue;
		};
		70FFC4CD2949ED0400927220 /* PBXContainerItemProxy */ = {
			isa = PBXContainerItemProxy;
			containerPortal = 70FFC4A42949ED0300927220 /* Project object */;
			proxyType = 1;
			remoteGlobalIDString = 70FFC4AB2949ED0400927220;
			remoteInfo = Segue;
		};
/* End PBXContainerItemProxy section */

/* Begin PBXFileReference section */
		70FFC4AC2949ED0400927220 /* Segue.app */ = {isa = PBXFileReference; explicitFileType = wrapper.application; includeInIndex = 0; path = Segue.app; sourceTree = BUILT_PRODUCTS_DIR; };
		70FFC4AF2949ED0400927220 /* AppDelegate.swift */ = {isa = PBXFileReference; lastKnownFileType = sourcecode.swift; path = AppDelegate.swift; sourceTree = "<group>"; };
		70FFC4B12949ED0400927220 /* SceneDelegate.swift */ = {isa = PBXFileReference; lastKnownFileType = sourcecode.swift; path = SceneDelegate.swift; sourceTree = "<group>"; };
		70FFC4B32949ED0400927220 /* ViewController.swift */ = {isa = PBXFileReference; lastKnownFileType = sourcecode.swift; path = ViewController.swift; sourceTree = "<group>"; };
		70FFC4B62949ED0400927220 /* Base */ = {isa = PBXFileReference; lastKnownFileType = file.storyboard; name = Base; path = Base.lproj/Main.storyboard; sourceTree = "<group>"; };
		70FFC4B82949ED0400927220 /* Assets.xcassets */ = {isa = PBXFileReference; lastKnownFileType = folder.assetcatalog; path = Assets.xcassets; sourceTree = "<group>"; };
		70FFC4BB2949ED0400927220 /* Base */ = {isa = PBXFileReference; lastKnownFileType = file.storyboard; name = Base; path = Base.lproj/LaunchScreen.storyboard; sourceTree = "<group>"; };
		70FFC4BD2949ED0400927220 /* Info.plist */ = {isa = PBXFileReference; lastKnownFileType = text.plist.xml; path = Info.plist; sourceTree = "<group>"; };
		70FFC4C22949ED0400927220 /* SegueTests.xctest */ = {isa = PBXFileReference; explicitFileType = wrapper.cfbundle; includeInIndex = 0; path = SegueTests.xctest; sourceTree = BUILT_PRODUCTS_DIR; };
		70FFC4C62949ED0400927220 /* SegueTests.swift */ = {isa = PBXFileReference; lastKnownFileType = sourcecode.swift; path = SegueTests.swift; sourceTree = "<group>"; };
		70FFC4CC2949ED0400927220 /* SegueUITests.xctest */ = {isa = PBXFileReference; explicitFileType = wrapper.cfbundle; includeInIndex = 0; path = SegueUITests.xctest; sourceTree = BUILT_PRODUCTS_DIR; };
		70FFC4D02949ED0400927220 /* SegueUITests.swift */ = {isa = PBXFileReference; lastKnownFileType = sourcecode.swift; path = SegueUITests.swift; sourceTree = "<group>"; };
		70FFC4D22949ED0400927220 /* SegueUITestsLaunchTests.swift */ = {isa = PBXFileReference; lastKnownFileType = sourcecode.swift; path = SegueUITestsLaunchTests.swift; sourceTree = "<group>"; };
		70FFC4DF2949EE2D00927220 /* SecondViewController.swift */ = {isa = PBXFileReference; lastKnownFileType = sourcecode.swift; path = SecondViewController.swift; sourceTree = "<group>"; };
/* End PBXFileReference section */

/* Begin PBXFrameworksBuildPhase section */
		70FFC4A92949ED0400927220 /* Frameworks */ = {
			isa = PBXFrameworksBuildPhase;
			buildActionMask = 2147483647;
			files = (
			);
			runOnlyForDeploymentPostprocessing = 0;
		};
		70FFC4BF2949ED0400927220 /* Frameworks */ = {
			isa = PBXFrameworksBuildPhase;
			buildActionMask = 2147483647;
			files = (
			);
			runOnlyForDeploymentPostprocessing = 0;
		};
		70FFC4C92949ED0400927220 /* Frameworks */ = {
			isa = PBXFrameworksBuildPhase;
			buildActionMask = 2147483647;
			files = (
			);
			runOnlyForDeploymentPostprocessing = 0;
		};
/* End PBXFrameworksBuildPhase section */

/* Begin PBXGroup section */
		70FFC4A32949ED0300927220 = {
			isa = PBXGroup;
			children = (
				70FFC4AE2949ED0400927220 /* Segue */,
				70FFC4C52949ED0400927220 /* SegueTests */,
				70FFC4CF2949ED0400927220 /* SegueUITests */,
				70FFC4AD2949ED0400927220 /* Products */,
			);
			sourceTree = "<group>";
		};
		70FFC4AD2949ED0400927220 /* Products */ = {
			isa = PBXGroup;
			children = (
				70FFC4AC2949ED0400927220 /* Segue.app */,
				70FFC4C22949ED0400927220 /* SegueTests.xctest */,
				70FFC4CC2949ED0400927220 /* SegueUITests.xctest */,
			);
			name = Products;
			sourceTree = "<group>";
		};
		70FFC4AE2949ED0400927220 /* Segue */ = {
			isa = PBXGroup;
			children = (
				70FFC4AF2949ED0400927220 /* AppDelegate.swift */,
				70FFC4B12949ED0400927220 /* SceneDelegate.swift */,
				70FFC4B32949ED0400927220 /* ViewController.swift */,
				70FFC4DF2949EE2D00927220 /* SecondViewController.swift */,
				70FFC4B52949ED0400927220 /* Main.storyboard */,
				70FFC4B82949ED0400927220 /* Assets.xcassets */,
				70FFC4BA2949ED0400927220 /* LaunchScreen.storyboard */,
				70FFC4BD2949ED0400927220 /* Info.plist */,
			);
			path = Segue;
			sourceTree = "<group>";
		};
		70FFC4C52949ED0400927220 /* SegueTests */ = {
			isa = PBXGroup;
			children = (
				70FFC4C62949ED0400927220 /* SegueTests.swift */,
			);
			path = SegueTests;
			sourceTree = "<group>";
		};
		70FFC4CF2949ED0400927220 /* SegueUITests */ = {
			isa = PBXGroup;
			children = (
				70FFC4D02949ED0400927220 /* SegueUITests.swift */,
				70FFC4D22949ED0400927220 /* SegueUITestsLaunchTests.swift */,
			);
			path = SegueUITests;
			sourceTree = "<group>";
		};
/* End PBXGroup section */

/* Begin PBXNativeTarget section */
		70FFC4AB2949ED0400927220 /* Segue */ = {
			isa = PBXNativeTarget;
			buildConfigurationList = 70FFC4D62949ED0400927220 /* Build configuration list for PBXNativeTarget "Segue" */;
			buildPhases = (
				70FFC4A82949ED0400927220 /* Sources */,
				70FFC4A92949ED0400927220 /* Frameworks */,
				70FFC4AA2949ED0400927220 /* Resources */,
			);
			buildRules = (
			);
			dependencies = (
			);
			name = Segue;
			productName = Segue;
			productReference = 70FFC4AC2949ED0400927220 /* Segue.app */;
			productType = "com.apple.product-type.application";
		};
		70FFC4C12949ED0400927220 /* SegueTests */ = {
			isa = PBXNativeTarget;
			buildConfigurationList = 70FFC4D92949ED0400927220 /* Build configuration list for PBXNativeTarget "SegueTests" */;
			buildPhases = (
				70FFC4BE2949ED0400927220 /* Sources */,
				70FFC4BF2949ED0400927220 /* Frameworks */,
				70FFC4C02949ED0400927220 /* Resources */,
			);
			buildRules = (
			);
			dependencies = (
				70FFC4C42949ED0400927220 /* PBXTargetDependency */,
			);
			name = SegueTests;
			productName = SegueTests;
			productReference = 70FFC4C22949ED0400927220 /* SegueTests.xctest */;
			productType = "com.apple.product-type.bundle.unit-test";
		};
		70FFC4CB2949ED0400927220 /* SegueUITests */ = {
			isa = PBXNativeTarget;
			buildConfigurationList = 70FFC4DC2949ED0400927220 /* Build configuration list for PBXNativeTarget "SegueUITests" */;
			buildPhases = (
				70FFC4C82949ED0400927220 /* Sources */,
				70FFC4C92949ED0400927220 /* Frameworks */,
				70FFC4CA2949ED0400927220 /* Resources */,
			);
			buildRules = (
			);
			dependencies = (
				70FFC4CE2949ED0400927220 /* PBXTargetDependency */,
			);
			name = SegueUITests;
			productName = SegueUITests;
			productReference = 70FFC4CC2949ED0400927220 /* SegueUITests.xctest */;
			productType = "com.apple.product-type.bundle.ui-testing";
		};
/* End PBXNativeTarget section */

/* Begin PBXProject section */
		70FFC4A42949ED0300927220 /* Project object */ = {
			isa = PBXProject;
			attributes = {
				BuildIndependentTargetsInParallel = 1;
				LastSwiftUpdateCheck = 1410;
				LastUpgradeCheck = 1410;
				TargetAttributes = {
					70FFC4AB2949ED0400927220 = {
						CreatedOnToolsVersion = 14.1;
					};
					70FFC4C12949ED0400927220 = {
						CreatedOnToolsVersion = 14.1;
						TestTargetID = 70FFC4AB2949ED0400927220;
					};
					70FFC4CB2949ED0400927220 = {
						CreatedOnToolsVersion = 14.1;
						TestTargetID = 70FFC4AB2949ED0400927220;
					};
				};
			};
			buildConfigurationList = 70FFC4A72949ED0300927220 /* Build configuration list for PBXProject "Segue" */;
			compatibilityVersion = "Xcode 14.0";
			developmentRegion = en;
			hasScannedForEncodings = 0;
			knownRegions = (
				en,
				Base,
			);
			mainGroup = 70FFC4A32949ED0300927220;
			productRefGroup = 70FFC4AD2949ED0400927220 /* Products */;
			projectDirPath = "";
			projectRoot = "";
			targets = (
				70FFC4AB2949ED0400927220 /* Segue */,
				70FFC4C12949ED0400927220 /* SegueTests */,
				70FFC4CB2949ED0400927220 /* SegueUITests */,
			);
		};
/* End PBXProject section */

/* Begin PBXResourcesBuildPhase section */
		70FFC4AA2949ED0400927220 /* Resources */ = {
			isa = PBXResourcesBuildPhase;
			buildActionMask = 2147483647;
			files = (
				70FFC4BC2949ED0400927220 /* LaunchScreen.storyboard in Resources */,
				70FFC4B92949ED0400927220 /* Assets.xcassets in Resources */,
				70FFC4B72949ED0400927220 /* Main.storyboard in Resources */,
			);
			runOnlyForDeploymentPostprocessing = 0;
		};
		70FFC4C02949ED0400927220 /* Resources */ = {
			isa = PBXResourcesBuildPhase;
			buildActionMask = 2147483647;
			files = (
			);
			runOnlyForDeploymentPostprocessing = 0;
		};
		70FFC4CA2949ED0400927220 /* Resources */ = {
			isa = PBXResourcesBuildPhase;
			buildActionMask = 2147483647;
			files = (
			);
			runOnlyForDeploymentPostprocessing = 0;
		};
/* End PBXResourcesBuildPhase section */

/* Begin PBXSourcesBuildPhase section */
		70FFC4A82949ED0400927220 /* Sources */ = {
			isa = PBXSourcesBuildPhase;
			buildActionMask = 2147483647;
			files = (
				70FFC4E02949EE2D00927220 /* SecondViewController.swift in Sources */,
				70FFC4B42949ED0400927220 /* ViewController.swift in Sources */,
				70FFC4B02949ED0400927220 /* AppDelegate.swift in Sources */,
				70FFC4B22949ED0400927220 /* SceneDelegate.swift in Sources */,
			);
			runOnlyForDeploymentPostprocessing = 0;
		};
		70FFC4BE2949ED0400927220 /* Sources */ = {
			isa = PBXSourcesBuildPhase;
			buildActionMask = 2147483647;
			files = (
				70FFC4C72949ED0400927220 /* SegueTests.swift in Sources */,
			);
			runOnlyForDeploymentPostprocessing = 0;
		};
		70FFC4C82949ED0400927220 /* Sources */ = {
			isa = PBXSourcesBuildPhase;
			buildActionMask = 2147483647;
			files = (
				70FFC4D32949ED0400927220 /* SegueUITestsLaunchTests.swift in Sources */,
				70FFC4D12949ED0400927220 /* SegueUITests.swift in Sources */,
			);
			runOnlyForDeploymentPostprocessing = 0;
		};
/* End PBXSourcesBuildPhase section */

/* Begin PBXTargetDependency section */
		70FFC4C42949ED0400927220 /* PBXTargetDependency */ = {
			isa = PBXTargetDependency;
			target = 70FFC4AB2949ED0400927220 /* Segue */;
			targetProxy = 70FFC4C32949ED0400927220 /* PBXContainerItemProxy */;
		};
		70FFC4CE2949ED0400927220 /* PBXTargetDependency */ = {
			isa = PBXTargetDependency;
			target = 70FFC4AB2949ED0400927220 /* Segue */;
			targetProxy = 70FFC4CD2949ED0400927220 /* PBXContainerItemProxy */;
		};
/* End PBXTargetDependency section */

/* Begin PBXVariantGroup section */
		70FFC4B52949ED0400927220 /* Main.storyboard */ = {
			isa = PBXVariantGroup;
			children = (
				70FFC4B62949ED0400927220 /* Base */,
			);
			name = Main.storyboard;
			sourceTree = "<group>";
		};
		70FFC4BA2949ED0400927220 /* LaunchScreen.storyboard */ = {
			isa = PBXVariantGroup;
			children = (
				70FFC4BB2949ED0400927220 /* Base */,
			);
			name = LaunchScreen.storyboard;
			sourceTree = "<group>";
		};
/* End PBXVariantGroup section */

/* Begin XCBuildConfiguration section */
		70FFC4D42949ED0400927220 /* Debug */ = {
			isa = XCBuildConfiguration;
			buildSettings = {
				ALWAYS_SEARCH_USER_PATHS = NO;
				CLANG_ANALYZER_NONNULL = YES;
				CLANG_ANALYZER_NUMBER_OBJECT_CONVERSION = YES_AGGRESSIVE;
				CLANG_CXX_LANGUAGE_STANDARD = "gnu++20";
				CLANG_ENABLE_MODULES = YES;
				CLANG_ENABLE_OBJC_ARC = YES;
				CLANG_ENABLE_OBJC_WEAK = YES;
				CLANG_WARN_BLOCK_CAPTURE_AUTORELEASING = YES;
				CLANG_WARN_BOOL_CONVERSION = YES;
				CLANG_WARN_COMMA = YES;
				CLANG_WARN_CONSTANT_CONVERSION = YES;
				CLANG_WARN_DEPRECATED_OBJC_IMPLEMENTATIONS = YES;
				CLANG_WARN_DIRECT_OBJC_ISA_USAGE = YES_ERROR;
				CLANG_WARN_DOCUMENTATION_COMMENTS = YES;
				CLANG_WARN_EMPTY_BODY = YES;
				CLANG_WARN_ENUM_CONVERSION = YES;
				CLANG_WARN_INFINITE_RECURSION = YES;
				CLANG_WARN_INT_CONVERSION = YES;
				CLANG_WARN_NON_LITERAL_NULL_CONVERSION = YES;
				CLANG_WARN_OBJC_IMPLICIT_RETAIN_SELF = YES;
				CLANG_WARN_OBJC_LITERAL_CONVERSION = YES;
				CLANG_WARN_OBJC_ROOT_CLASS = YES_ERROR;
				CLANG_WARN_QUOTED_INCLUDE_IN_FRAMEWORK_HEADER = YES;
				CLANG_WARN_RANGE_LOOP_ANALYSIS = YES;
				CLANG_WARN_STRICT_PROTOTYPES = YES;
				CLANG_WARN_SUSPICIOUS_MOVE = YES;
				CLANG_WARN_UNGUARDED_AVAILABILITY = YES_AGGRESSIVE;
				CLANG_WARN_UNREACHABLE_CODE = YES;
				CLANG_WARN__DUPLICATE_METHOD_MATCH = YES;
				COPY_PHASE_STRIP = NO;
				DEBUG_INFORMATION_FORMAT = dwarf;
				ENABLE_STRICT_OBJC_MSGSEND = YES;
				ENABLE_TESTABILITY = YES;
				GCC_C_LANGUAGE_STANDARD = gnu11;
				GCC_DYNAMIC_NO_PIC = NO;
				GCC_NO_COMMON_BLOCKS = YES;
				GCC_OPTIMIZATION_LEVEL = 0;
				GCC_PREPROCESSOR_DEFINITIONS = (
					"DEBUG=1",
					"$(inherited)",
				);
				GCC_WARN_64_TO_32_BIT_CONVERSION = YES;
				GCC_WARN_ABOUT_RETURN_TYPE = YES_ERROR;
				GCC_WARN_UNDECLARED_SELECTOR = YES;
				GCC_WARN_UNINITIALIZED_AUTOS = YES_AGGRESSIVE;
				GCC_WARN_UNUSED_FUNCTION = YES;
				GCC_WARN_UNUSED_VARIABLE = YES;
				IPHONEOS_DEPLOYMENT_TARGET = 16.1;
				MTL_ENABLE_DEBUG_INFO = INCLUDE_SOURCE;
				MTL_FAST_MATH = YES;
				ONLY_ACTIVE_ARCH = YES;
				SDKROOT = iphoneos;
				SWIFT_ACTIVE_COMPILATION_CONDITIONS = DEBUG;
				SWIFT_OPTIMIZATION_LEVEL = "-Onone";
			};
			name = Debug;
		};
		70FFC4D52949ED0400927220 /* Release */ = {
			isa = XCBuildConfiguration;
			buildSettings = {
				ALWAYS_SEARCH_USER_PATHS = NO;
				CLANG_ANALYZER_NONNULL = YES;
				CLANG_ANALYZER_NUMBER_OBJECT_CONVERSION = YES_AGGRESSIVE;
				CLANG_CXX_LANGUAGE_STANDARD = "gnu++20";
				CLANG_ENABLE_MODULES = YES;
				CLANG_ENABLE_OBJC_ARC = YES;
				CLANG_ENABLE_OBJC_WEAK = YES;
				CLANG_WARN_BLOCK_CAPTURE_AUTORELEASING = YES;
				CLANG_WARN_BOOL_CONVERSION = YES;
				CLANG_WARN_COMMA = YES;
				CLANG_WARN_CONSTANT_CONVERSION = YES;
				CLANG_WARN_DEPRECATED_OBJC_IMPLEMENTATIONS = YES;
				CLANG_WARN_DIRECT_OBJC_ISA_USAGE = YES_ERROR;
				CLANG_WARN_DOCUMENTATION_COMMENTS = YES;
				CLANG_WARN_EMPTY_BODY = YES;
				CLANG_WARN_ENUM_CONVERSION = YES;
				CLANG_WARN_INFINITE_RECURSION = YES;
				CLANG_WARN_INT_CONVERSION = YES;
				CLANG_WARN_NON_LITERAL_NULL_CONVERSION = YES;
				CLANG_WARN_OBJC_IMPLICIT_RETAIN_SELF = YES;
				CLANG_WARN_OBJC_LITERAL_CONVERSION = YES;
				CLANG_WARN_OBJC_ROOT_CLASS = YES_ERROR;
				CLANG_WARN_QUOTED_INCLUDE_IN_FRAMEWORK_HEADER = YES;
				CLANG_WARN_RANGE_LOOP_ANALYSIS = YES;
				CLANG_WARN_STRICT_PROTOTYPES = YES;
				CLANG_WARN_SUSPICIOUS_MOVE = YES;
				CLANG_WARN_UNGUARDED_AVAILABILITY = YES_AGGRESSIVE;
				CLANG_WARN_UNREACHABLE_CODE = YES;
				CLANG_WARN__DUPLICATE_METHOD_MATCH = YES;
				COPY_PHASE_STRIP = NO;
				DEBUG_INFORMATION_FORMAT = "dwarf-with-dsym";
				ENABLE_NS_ASSERTIONS = NO;
				ENABLE_STRICT_OBJC_MSGSEND = YES;
				GCC_C_LANGUAGE_STANDARD = gnu11;
				GCC_NO_COMMON_BLOCKS = YES;
				GCC_WARN_64_TO_32_BIT_CONVERSION = YES;
				GCC_WARN_ABOUT_RETURN_TYPE = YES_ERROR;
				GCC_WARN_UNDECLARED_SELECTOR = YES;
				GCC_WARN_UNINITIALIZED_AUTOS = YES_AGGRESSIVE;
				GCC_WARN_UNUSED_FUNCTION = YES;
				GCC_WARN_UNUSED_VARIABLE = YES;
				IPHONEOS_DEPLOYMENT_TARGET = 16.1;
				MTL_ENABLE_DEBUG_INFO = NO;
				MTL_FAST_MATH = YES;
				SDKROOT = iphoneos;
				SWIFT_COMPILATION_MODE = wholemodule;
				SWIFT_OPTIMIZATION_LEVEL = "-O";
				VALIDATE_PRODUCT = YES;
			};
			name = Release;
		};
		70FFC4D72949ED0400927220 /* Debug */ = {
			isa = XCBuildConfiguration;
			buildSettings = {
				ASSETCATALOG_COMPILER_APPICON_NAME = AppIcon;
				ASSETCATALOG_COMPILER_GLOBAL_ACCENT_COLOR_NAME = AccentColor;
				CODE_SIGN_STYLE = Automatic;
				CURRENT_PROJECT_VERSION = 1;
				DEVELOPMENT_TEAM = LAKJKZQJ7B;
				GENERATE_INFOPLIST_FILE = YES;
				INFOPLIST_FILE = Segue/Info.plist;
				INFOPLIST_KEY_UIApplicationSupportsIndirectInputEvents = YES;
				INFOPLIST_KEY_UILaunchStoryboardName = LaunchScreen;
				INFOPLIST_KEY_UIMainStoryboardFile = Main;
				INFOPLIST_KEY_UISupportedInterfaceOrientations_iPad = "UIInterfaceOrientationPortrait UIInterfaceOrientationPortraitUpsideDown UIInterfaceOrientationLandscapeLeft UIInterfaceOrientationLandscapeRight";
				INFOPLIST_KEY_UISupportedInterfaceOrientations_iPhone = "UIInterfaceOrientationPortrait UIInterfaceOrientationLandscapeLeft UIInterfaceOrientationLandscapeRight";
				LD_RUNPATH_SEARCH_PATHS = (
					"$(inherited)",
					"@executable_path/Frameworks",
				);
				MARKETING_VERSION = 1.0;
				PRODUCT_BUNDLE_IDENTIFIER = hmc.Segue;
				PRODUCT_NAME = "$(TARGET_NAME)";
				SWIFT_EMIT_LOC_STRINGS = YES;
				SWIFT_VERSION = 5.0;
				TARGETED_DEVICE_FAMILY = "1,2";
			};
			name = Debug;
		};
		70FFC4D82949ED0400927220 /* Release */ = {
			isa = XCBuildConfiguration;
			buildSettings = {
				ASSETCATALOG_COMPILER_APPICON_NAME = AppIcon;
				ASSETCATALOG_COMPILER_GLOBAL_ACCENT_COLOR_NAME = AccentColor;
				CODE_SIGN_STYLE = Automatic;
				CURRENT_PROJECT_VERSION = 1;
				DEVELOPMENT_TEAM = LAKJKZQJ7B;
				GENERATE_INFOPLIST_FILE = YES;
				INFOPLIST_FILE = Segue/Info.plist;
				INFOPLIST_KEY_UIApplicationSupportsIndirectInputEvents = YES;
				INFOPLIST_KEY_UILaunchStoryboardName = LaunchScreen;
				INFOPLIST_KEY_UIMainStoryboardFile = Main;
				INFOPLIST_KEY_UISupportedInterfaceOrientations_iPad = "UIInterfaceOrientationPortrait UIInterfaceOrientationPortraitUpsideDown UIInterfaceOrientationLandscapeLeft UIInterfaceOrientationLandscapeRight";
				INFOPLIST_KEY_UISupportedInterfaceOrientations_iPhone = "UIInterfaceOrientationPortrait UIInterfaceOrientationLandscapeLeft UIInterfaceOrientationLandscapeRight";
				LD_RUNPATH_SEARCH_PATHS = (
					"$(inherited)",
					"@executable_path/Frameworks",
				);
				MARKETING_VERSION = 1.0;
				PRODUCT_BUNDLE_IDENTIFIER = hmc.Segue;
				PRODUCT_NAME = "$(TARGET_NAME)";
				SWIFT_EMIT_LOC_STRINGS = YES;
				SWIFT_VERSION = 5.0;
				TARGETED_DEVICE_FAMILY = "1,2";
			};
			name = Release;
		};
		70FFC4DA2949ED0400927220 /* Debug */ = {
			isa = XCBuildConfiguration;
			buildSettings = {
				ALWAYS_EMBED_SWIFT_STANDARD_LIBRARIES = YES;
				BUNDLE_LOADER = "$(TEST_HOST)";
				CODE_SIGN_STYLE = Automatic;
				CURRENT_PROJECT_VERSION = 1;
				DEVELOPMENT_TEAM = LAKJKZQJ7B;
				GENERATE_INFOPLIST_FILE = YES;
				IPHONEOS_DEPLOYMENT_TARGET = 16.1;
				MARKETING_VERSION = 1.0;
				PRODUCT_BUNDLE_IDENTIFIER = hmc.SegueTests;
				PRODUCT_NAME = "$(TARGET_NAME)";
				SWIFT_EMIT_LOC_STRINGS = NO;
				SWIFT_VERSION = 5.0;
				TARGETED_DEVICE_FAMILY = "1,2";
				TEST_HOST = "$(BUILT_PRODUCTS_DIR)/Segue.app/$(BUNDLE_EXECUTABLE_FOLDER_PATH)/Segue";
			};
			name = Debug;
		};
		70FFC4DB2949ED0400927220 /* Release */ = {
			isa = XCBuildConfiguration;
			buildSettings = {
				ALWAYS_EMBED_SWIFT_STANDARD_LIBRARIES = YES;
				BUNDLE_LOADER = "$(TEST_HOST)";
				CODE_SIGN_STYLE = Automatic;
				CURRENT_PROJECT_VERSION = 1;
				DEVELOPMENT_TEAM = LAKJKZQJ7B;
				GENERATE_INFOPLIST_FILE = YES;
				IPHONEOS_DEPLOYMENT_TARGET = 16.1;
				MARKETING_VERSION = 1.0;
				PRODUCT_BUNDLE_IDENTIFIER = hmc.SegueTests;
				PRODUCT_NAME = "$(TARGET_NAME)";
				SWIFT_EMIT_LOC_STRINGS = NO;
				SWIFT_VERSION = 5.0;
				TARGETED_DEVICE_FAMILY = "1,2";
				TEST_HOST = "$(BUILT_PRODUCTS_DIR)/Segue.app/$(BUNDLE_EXECUTABLE_FOLDER_PATH)/Segue";
			};
			name = Release;
		};
		70FFC4DD2949ED0400927220 /* Debug */ = {
			isa = XCBuildConfiguration;
			buildSettings = {
				ALWAYS_EMBED_SWIFT_STANDARD_LIBRARIES = YES;
				CODE_SIGN_STYLE = Automatic;
				CURRENT_PROJECT_VERSION = 1;
				DEVELOPMENT_TEAM = LAKJKZQJ7B;
				GENERATE_INFOPLIST_FILE = YES;
				MARKETING_VERSION = 1.0;
				PRODUCT_BUNDLE_IDENTIFIER = hmc.SegueUITests;
				PRODUCT_NAME = "$(TARGET_NAME)";
				SWIFT_EMIT_LOC_STRINGS = NO;
				SWIFT_VERSION = 5.0;
				TARGETED_DEVICE_FAMILY = "1,2";
				TEST_TARGET_NAME = Segue;
			};
			name = Debug;
		};
		70FFC4DE2949ED0400927220 /* Release */ = {
			isa = XCBuildConfiguration;
			buildSettings = {
				ALWAYS_EMBED_SWIFT_STANDARD_LIBRARIES = YES;
				CODE_SIGN_STYLE = Automatic;
				CURRENT_PROJECT_VERSION = 1;
				DEVELOPMENT_TEAM = LAKJKZQJ7B;
				GENERATE_INFOPLIST_FILE = YES;
				MARKETING_VERSION = 1.0;
				PRODUCT_BUNDLE_IDENTIFIER = hmc.SegueUITests;
				PRODUCT_NAME = "$(TARGET_NAME)";
				SWIFT_EMIT_LOC_STRINGS = NO;
				SWIFT_VERSION = 5.0;
				TARGETED_DEVICE_FAMILY = "1,2";
				TEST_TARGET_NAME = Segue;
			};
			name = Release;
		};
/* End XCBuildConfiguration section */

/* Begin XCConfigurationList section */
		70FFC4A72949ED0300927220 /* Build configuration list for PBXProject "Segue" */ = {
			isa = XCConfigurationList;
			buildConfigurations = (
				70FFC4D42949ED0400927220 /* Debug */,
				70FFC4D52949ED0400927220 /* Release */,
			);
			defaultConfigurationIsVisible = 0;
			defaultConfigurationName = Release;
		};
		70FFC4D62949ED0400927220 /* Build configuration list for PBXNativeTarget "Segue" */ = {
			isa = XCConfigurationList;
			buildConfigurations = (
				70FFC4D72949ED0400927220 /* Debug */,
				70FFC4D82949ED0400927220 /* Release */,
			);
			defaultConfigurationIsVisible = 0;
			defaultConfigurationName = Release;
		};
		70FFC4D92949ED0400927220 /* Build configuration list for PBXNativeTarget "SegueTests" */ = {
			isa = XCConfigurationList;
			buildConfigurations = (
				70FFC4DA2949ED0400927220 /* Debug */,
				70FFC4DB2949ED0400927220 /* Release */,
			);
			defaultConfigurationIsVisible = 0;
			defaultConfigurationName = Release;
		};
		70FFC4DC2949ED0400927220 /* Build configuration list for PBXNativeTarget "SegueUITests" */ = {
			isa = XCConfigurationList;
			buildConfigurations = (
				70FFC4DD2949ED0400927220 /* Debug */,
				70FFC4DE2949ED0400927220 /* Release */,
			);
			defaultConfigurationIsVisible = 0;
			defaultConfigurationName = Release;
		};
/* End XCConfigurationList section */
	};
	rootObject = 70FFC4A42949ED0300927220 /* Project object */;
}
