// !$*UTF8*$!
{
	archiveVersion = 1;
	classes = {
	};
	objectVersion = 56;
	objects = {

/* Begin PBXBuildFile section */
		70784324294CAE93009C4593 /* AppDelegate.swift in Sources */ = {isa = PBXBuildFile; fileRef = 70784323294CAE93009C4593 /* AppDelegate.swift */; };
		70784326294CAE93009C4593 /* SceneDelegate.swift in Sources */ = {isa = PBXBuildFile; fileRef = 70784325294CAE93009C4593 /* SceneDelegate.swift */; };
		70784328294CAE93009C4593 /* ViewController.swift in Sources */ = {isa = PBXBuildFile; fileRef = 70784327294CAE93009C4593 /* ViewController.swift */; };
		7078432B294CAE93009C4593 /* Main.storyboard in Resources */ = {isa = PBXBuildFile; fileRef = 70784329294CAE93009C4593 /* Main.storyboard */; };
		7078432E294CAE93009C4593 /* ArtBookProject.xcdatamodeld in Sources */ = {isa = PBXBuildFile; fileRef = 7078432C294CAE93009C4593 /* ArtBookProject.xcdatamodeld */; };
		70784330294CAE94009C4593 /* Assets.xcassets in Resources */ = {isa = PBXBuildFile; fileRef = 7078432F294CAE94009C4593 /* Assets.xcassets */; };
		70784333294CAE94009C4593 /* LaunchScreen.storyboard in Resources */ = {isa = PBXBuildFile; fileRef = 70784331294CAE94009C4593 /* LaunchScreen.storyboard */; };
		7078433E294CAE94009C4593 /* ArtBookProjectTests.swift in Sources */ = {isa = PBXBuildFile; fileRef = 7078433D294CAE94009C4593 /* ArtBookProjectTests.swift */; };
		70784348294CAE95009C4593 /* ArtBookProjectUITests.swift in Sources */ = {isa = PBXBuildFile; fileRef = 70784347294CAE95009C4593 /* ArtBookProjectUITests.swift */; };
		7078434A294CAE95009C4593 /* ArtBookProjectUITestsLaunchTests.swift in Sources */ = {isa = PBXBuildFile; fileRef = 70784349294CAE95009C4593 /* ArtBookProjectUITestsLaunchTests.swift */; };
		70784357294CB0C6009C4593 /* DetailsVC.swift in Sources */ = {isa = PBXBuildFile; fileRef = 70784356294CB0C6009C4593 /* DetailsVC.swift */; };
/* End PBXBuildFile section */

/* Begin PBXContainerItemProxy section */
		7078433A294CAE94009C4593 /* PBXContainerItemProxy */ = {
			isa = PBXContainerItemProxy;
			containerPortal = 70784318294CAE93009C4593 /* Project object */;
			proxyType = 1;
			remoteGlobalIDString = 7078431F294CAE93009C4593;
			remoteInfo = ArtBookProject;
		};
		70784344294CAE95009C4593 /* PBXContainerItemProxy */ = {
			isa = PBXContainerItemProxy;
			containerPortal = 70784318294CAE93009C4593 /* Project object */;
			proxyType = 1;
			remoteGlobalIDString = 7078431F294CAE93009C4593;
			remoteInfo = ArtBookProject;
		};
/* End PBXContainerItemProxy section */

/* Begin PBXFileReference section */
		70784320294CAE93009C4593 /* ArtBookProject.app */ = {isa = PBXFileReference; explicitFileType = wrapper.application; includeInIndex = 0; path = ArtBookProject.app; sourceTree = BUILT_PRODUCTS_DIR; };
		70784323294CAE93009C4593 /* AppDelegate.swift */ = {isa = PBXFileReference; lastKnownFileType = sourcecode.swift; path = AppDelegate.swift; sourceTree = "<group>"; };
		70784325294CAE93009C4593 /* SceneDelegate.swift */ = {isa = PBXFileReference; lastKnownFileType = sourcecode.swift; path = SceneDelegate.swift; sourceTree = "<group>"; };
		70784327294CAE93009C4593 /* ViewController.swift */ = {isa = PBXFileReference; lastKnownFileType = sourcecode.swift; path = ViewController.swift; sourceTree = "<group>"; };
		7078432A294CAE93009C4593 /* Base */ = {isa = PBXFileReference; lastKnownFileType = file.storyboard; name = Base; path = Base.lproj/Main.storyboard; sourceTree = "<group>"; };
		7078432D294CAE93009C4593 /* ArtBookProject.xcdatamodel */ = {isa = PBXFileReference; lastKnownFileType = wrapper.xcdatamodel; path = ArtBookProject.xcdatamodel; sourceTree = "<group>"; };
		7078432F294CAE94009C4593 /* Assets.xcassets */ = {isa = PBXFileReference; lastKnownFileType = folder.assetcatalog; path = Assets.xcassets; sourceTree = "<group>"; };
		70784332294CAE94009C4593 /* Base */ = {isa = PBXFileReference; lastKnownFileType = file.storyboard; name = Base; path = Base.lproj/LaunchScreen.storyboard; sourceTree = "<group>"; };
		70784334294CAE94009C4593 /* Info.plist */ = {isa = PBXFileReference; lastKnownFileType = text.plist.xml; path = Info.plist; sourceTree = "<group>"; };
		70784339294CAE94009C4593 /* ArtBookProjectTests.xctest */ = {isa = PBXFileReference; explicitFileType = wrapper.cfbundle; includeInIndex = 0; path = ArtBookProjectTests.xctest; sourceTree = BUILT_PRODUCTS_DIR; };
		7078433D294CAE94009C4593 /* ArtBookProjectTests.swift */ = {isa = PBXFileReference; lastKnownFileType = sourcecode.swift; path = ArtBookProjectTests.swift; sourceTree = "<group>"; };
		70784343294CAE95009C4593 /* ArtBookProjectUITests.xctest */ = {isa = PBXFileReference; explicitFileType = wrapper.cfbundle; includeInIndex = 0; path = ArtBookProjectUITests.xctest; sourceTree = BUILT_PRODUCTS_DIR; };
		70784347294CAE95009C4593 /* ArtBookProjectUITests.swift */ = {isa = PBXFileReference; lastKnownFileType = sourcecode.swift; path = ArtBookProjectUITests.swift; sourceTree = "<group>"; };
		70784349294CAE95009C4593 /* ArtBookProjectUITestsLaunchTests.swift */ = {isa = PBXFileReference; lastKnownFileType = sourcecode.swift; path = ArtBookProjectUITestsLaunchTests.swift; sourceTree = "<group>"; };
		70784356294CB0C6009C4593 /* DetailsVC.swift */ = {isa = PBXFileReference; lastKnownFileType = sourcecode.swift; path = DetailsVC.swift; sourceTree = "<group>"; };
/* End PBXFileReference section */

/* Begin PBXFrameworksBuildPhase section */
		7078431D294CAE93009C4593 /* Frameworks */ = {
			isa = PBXFrameworksBuildPhase;
			buildActionMask = 2147483647;
			files = (
			);
			runOnlyForDeploymentPostprocessing = 0;
		};
		70784336294CAE94009C4593 /* Frameworks */ = {
			isa = PBXFrameworksBuildPhase;
			buildActionMask = 2147483647;
			files = (
			);
			runOnlyForDeploymentPostprocessing = 0;
		};
		70784340294CAE95009C4593 /* Frameworks */ = {
			isa = PBXFrameworksBuildPhase;
			buildActionMask = 2147483647;
			files = (
			);
			runOnlyForDeploymentPostprocessing = 0;
		};
/* End PBXFrameworksBuildPhase section */

/* Begin PBXGroup section */
		70784317294CAE93009C4593 = {
			isa = PBXGroup;
			children = (
				70784322294CAE93009C4593 /* ArtBookProject */,
				7078433C294CAE94009C4593 /* ArtBookProjectTests */,
				70784346294CAE95009C4593 /* ArtBookProjectUITests */,
				70784321294CAE93009C4593 /* Products */,
			);
			sourceTree = "<group>";
		};
		70784321294CAE93009C4593 /* Products */ = {
			isa = PBXGroup;
			children = (
				70784320294CAE93009C4593 /* ArtBookProject.app */,
				70784339294CAE94009C4593 /* ArtBookProjectTests.xctest */,
				70784343294CAE95009C4593 /* ArtBookProjectUITests.xctest */,
			);
			name = Products;
			sourceTree = "<group>";
		};
		70784322294CAE93009C4593 /* ArtBookProject */ = {
			isa = PBXGroup;
			children = (
				70784323294CAE93009C4593 /* AppDelegate.swift */,
				70784325294CAE93009C4593 /* SceneDelegate.swift */,
				70784327294CAE93009C4593 /* ViewController.swift */,
				70784356294CB0C6009C4593 /* DetailsVC.swift */,
				70784329294CAE93009C4593 /* Main.storyboard */,
				7078432F294CAE94009C4593 /* Assets.xcassets */,
				70784331294CAE94009C4593 /* LaunchScreen.storyboard */,
				70784334294CAE94009C4593 /* Info.plist */,
				7078432C294CAE93009C4593 /* ArtBookProject.xcdatamodeld */,
			);
			path = ArtBookProject;
			sourceTree = "<group>";
		};
		7078433C294CAE94009C4593 /* ArtBookProjectTests */ = {
			isa = PBXGroup;
			children = (
				7078433D294CAE94009C4593 /* ArtBookProjectTests.swift */,
			);
			path = ArtBookProjectTests;
			sourceTree = "<group>";
		};
		70784346294CAE95009C4593 /* ArtBookProjectUITests */ = {
			isa = PBXGroup;
			children = (
				70784347294CAE95009C4593 /* ArtBookProjectUITests.swift */,
				70784349294CAE95009C4593 /* ArtBookProjectUITestsLaunchTests.swift */,
			);
			path = ArtBookProjectUITests;
			sourceTree = "<group>";
		};
/* End PBXGroup section */

/* Begin PBXNativeTarget section */
		7078431F294CAE93009C4593 /* ArtBookProject */ = {
			isa = PBXNativeTarget;
			buildConfigurationList = 7078434D294CAE95009C4593 /* Build configuration list for PBXNativeTarget "ArtBookProject" */;
			buildPhases = (
				7078431C294CAE93009C4593 /* Sources */,
				7078431D294CAE93009C4593 /* Frameworks */,
				7078431E294CAE93009C4593 /* Resources */,
			);
			buildRules = (
			);
			dependencies = (
			);
			name = ArtBookProject;
			productName = ArtBookProject;
			productReference = 70784320294CAE93009C4593 /* ArtBookProject.app */;
			productType = "com.apple.product-type.application";
		};
		70784338294CAE94009C4593 /* ArtBookProjectTests */ = {
			isa = PBXNativeTarget;
			buildConfigurationList = 70784350294CAE95009C4593 /* Build configuration list for PBXNativeTarget "ArtBookProjectTests" */;
			buildPhases = (
				70784335294CAE94009C4593 /* Sources */,
				70784336294CAE94009C4593 /* Frameworks */,
				70784337294CAE94009C4593 /* Resources */,
			);
			buildRules = (
			);
			dependencies = (
				7078433B294CAE94009C4593 /* PBXTargetDependency */,
			);
			name = ArtBookProjectTests;
			productName = ArtBookProjectTests;
			productReference = 70784339294CAE94009C4593 /* ArtBookProjectTests.xctest */;
			productType = "com.apple.product-type.bundle.unit-test";
		};
		70784342294CAE95009C4593 /* ArtBookProjectUITests */ = {
			isa = PBXNativeTarget;
			buildConfigurationList = 70784353294CAE95009C4593 /* Build configuration list for PBXNativeTarget "ArtBookProjectUITests" */;
			buildPhases = (
				7078433F294CAE95009C4593 /* Sources */,
				70784340294CAE95009C4593 /* Frameworks */,
				70784341294CAE95009C4593 /* Resources */,
			);
			buildRules = (
			);
			dependencies = (
				70784345294CAE95009C4593 /* PBXTargetDependency */,
			);
			name = ArtBookProjectUITests;
			productName = ArtBookProjectUITests;
			productReference = 70784343294CAE95009C4593 /* ArtBookProjectUITests.xctest */;
			productType = "com.apple.product-type.bundle.ui-testing";
		};
/* End PBXNativeTarget section */

/* Begin PBXProject section */
		70784318294CAE93009C4593 /* Project object */ = {
			isa = PBXProject;
			attributes = {
				BuildIndependentTargetsInParallel = 1;
				LastSwiftUpdateCheck = 1420;
				LastUpgradeCheck = 1420;
				TargetAttributes = {
					7078431F294CAE93009C4593 = {
						CreatedOnToolsVersion = 14.2;
					};
					70784338294CAE94009C4593 = {
						CreatedOnToolsVersion = 14.2;
						TestTargetID = 7078431F294CAE93009C4593;
					};
					70784342294CAE95009C4593 = {
						CreatedOnToolsVersion = 14.2;
						TestTargetID = 7078431F294CAE93009C4593;
					};
				};
			};
			buildConfigurationList = 7078431B294CAE93009C4593 /* Build configuration list for PBXProject "ArtBookProject" */;
			compatibilityVersion = "Xcode 14.0";
			developmentRegion = en;
			hasScannedForEncodings = 0;
			knownRegions = (
				en,
				Base,
			);
			mainGroup = 70784317294CAE93009C4593;
			productRefGroup = 70784321294CAE93009C4593 /* Products */;
			projectDirPath = "";
			projectRoot = "";
			targets = (
				7078431F294CAE93009C4593 /* ArtBookProject */,
				70784338294CAE94009C4593 /* ArtBookProjectTests */,
				70784342294CAE95009C4593 /* ArtBookProjectUITests */,
			);
		};
/* End PBXProject section */

/* Begin PBXResourcesBuildPhase section */
		7078431E294CAE93009C4593 /* Resources */ = {
			isa = PBXResourcesBuildPhase;
			buildActionMask = 2147483647;
			files = (
				70784333294CAE94009C4593 /* LaunchScreen.storyboard in Resources */,
				70784330294CAE94009C4593 /* Assets.xcassets in Resources */,
				7078432B294CAE93009C4593 /* Main.storyboard in Resources */,
			);
			runOnlyForDeploymentPostprocessing = 0;
		};
		70784337294CAE94009C4593 /* Resources */ = {
			isa = PBXResourcesBuildPhase;
			buildActionMask = 2147483647;
			files = (
			);
			runOnlyForDeploymentPostprocessing = 0;
		};
		70784341294CAE95009C4593 /* Resources */ = {
			isa = PBXResourcesBuildPhase;
			buildActionMask = 2147483647;
			files = (
			);
			runOnlyForDeploymentPostprocessing = 0;
		};
/* End PBXResourcesBuildPhase section */

/* Begin PBXSourcesBuildPhase section */
		7078431C294CAE93009C4593 /* Sources */ = {
			isa = PBXSourcesBuildPhase;
			buildActionMask = 2147483647;
			files = (
				7078432E294CAE93009C4593 /* ArtBookProject.xcdatamodeld in Sources */,
				70784328294CAE93009C4593 /* ViewController.swift in Sources */,
				70784324294CAE93009C4593 /* AppDelegate.swift in Sources */,
				70784326294CAE93009C4593 /* SceneDelegate.swift in Sources */,
				70784357294CB0C6009C4593 /* DetailsVC.swift in Sources */,
			);
			runOnlyForDeploymentPostprocessing = 0;
		};
		70784335294CAE94009C4593 /* Sources */ = {
			isa = PBXSourcesBuildPhase;
			buildActionMask = 2147483647;
			files = (
				7078433E294CAE94009C4593 /* ArtBookProjectTests.swift in Sources */,
			);
			runOnlyForDeploymentPostprocessing = 0;
		};
		7078433F294CAE95009C4593 /* Sources */ = {
			isa = PBXSourcesBuildPhase;
			buildActionMask = 2147483647;
			files = (
				70784348294CAE95009C4593 /* ArtBookProjectUITests.swift in Sources */,
				7078434A294CAE95009C4593 /* ArtBookProjectUITestsLaunchTests.swift in Sources */,
			);
			runOnlyForDeploymentPostprocessing = 0;
		};
/* End PBXSourcesBuildPhase section */

/* Begin PBXTargetDependency section */
		7078433B294CAE94009C4593 /* PBXTargetDependency */ = {
			isa = PBXTargetDependency;
			target = 7078431F294CAE93009C4593 /* ArtBookProject */;
			targetProxy = 7078433A294CAE94009C4593 /* PBXContainerItemProxy */;
		};
		70784345294CAE95009C4593 /* PBXTargetDependency */ = {
			isa = PBXTargetDependency;
			target = 7078431F294CAE93009C4593 /* ArtBookProject */;
			targetProxy = 70784344294CAE95009C4593 /* PBXContainerItemProxy */;
		};
/* End PBXTargetDependency section */

/* Begin PBXVariantGroup section */
		70784329294CAE93009C4593 /* Main.storyboard */ = {
			isa = PBXVariantGroup;
			children = (
				7078432A294CAE93009C4593 /* Base */,
			);
			name = Main.storyboard;
			sourceTree = "<group>";
		};
		70784331294CAE94009C4593 /* LaunchScreen.storyboard */ = {
			isa = PBXVariantGroup;
			children = (
				70784332294CAE94009C4593 /* Base */,
			);
			name = LaunchScreen.storyboard;
			sourceTree = "<group>";
		};
/* End PBXVariantGroup section */

/* Begin XCBuildConfiguration section */
		7078434B294CAE95009C4593 /* Debug */ = {
			isa = XCBuildConfiguration;
			buildSettings = {
				ALWAYS_SEARCH_USER_PATHS = NO;
				CLANG_ANALYZER_NONNULL = YES;
				CLANG_ANALYZER_NUMBER_OBJECT_CONVERSION = YES_AGGRESSIVE;
				CLANG_CXX_LANGUAGE_STANDARD = "gnu++20";
				CLANG_ENABLE_MODULES = YES;
				CLANG_ENABLE_OBJC_ARC = YES;
				CLANG_ENABLE_OBJC_WEAK = YES;
				CLANG_WARN_BLOCK_CAPTURE_AUTORELEASING = YES;
				CLANG_WARN_BOOL_CONVERSION = YES;
				CLANG_WARN_COMMA = YES;
				CLANG_WARN_CONSTANT_CONVERSION = YES;
				CLANG_WARN_DEPRECATED_OBJC_IMPLEMENTATIONS = YES;
				CLANG_WARN_DIRECT_OBJC_ISA_USAGE = YES_ERROR;
				CLANG_WARN_DOCUMENTATION_COMMENTS = YES;
				CLANG_WARN_EMPTY_BODY = YES;
				CLANG_WARN_ENUM_CONVERSION = YES;
				CLANG_WARN_INFINITE_RECURSION = YES;
				CLANG_WARN_INT_CONVERSION = YES;
				CLANG_WARN_NON_LITERAL_NULL_CONVERSION = YES;
				CLANG_WARN_OBJC_IMPLICIT_RETAIN_SELF = YES;
				CLANG_WARN_OBJC_LITERAL_CONVERSION = YES;
				CLANG_WARN_OBJC_ROOT_CLASS = YES_ERROR;
				CLANG_WARN_QUOTED_INCLUDE_IN_FRAMEWORK_HEADER = YES;
				CLANG_WARN_RANGE_LOOP_ANALYSIS = YES;
				CLANG_WARN_STRICT_PROTOTYPES = YES;
				CLANG_WARN_SUSPICIOUS_MOVE = YES;
				CLANG_WARN_UNGUARDED_AVAILABILITY = YES_AGGRESSIVE;
				CLANG_WARN_UNREACHABLE_CODE = YES;
				CLANG_WARN__DUPLICATE_METHOD_MATCH = YES;
				COPY_PHASE_STRIP = NO;
				DEBUG_INFORMATION_FORMAT = dwarf;
				ENABLE_STRICT_OBJC_MSGSEND = YES;
				ENABLE_TESTABILITY = YES;
				GCC_C_LANGUAGE_STANDARD = gnu11;
				GCC_DYNAMIC_NO_PIC = NO;
				GCC_NO_COMMON_BLOCKS = YES;
				GCC_OPTIMIZATION_LEVEL = 0;
				GCC_PREPROCESSOR_DEFINITIONS = (
					"DEBUG=1",
					"$(inherited)",
				);
				GCC_WARN_64_TO_32_BIT_CONVERSION = YES;
				GCC_WARN_ABOUT_RETURN_TYPE = YES_ERROR;
				GCC_WARN_UNDECLARED_SELECTOR = YES;
				GCC_WARN_UNINITIALIZED_AUTOS = YES_AGGRESSIVE;
				GCC_WARN_UNUSED_FUNCTION = YES;
				GCC_WARN_UNUSED_VARIABLE = YES;
				IPHONEOS_DEPLOYMENT_TARGET = 16.2;
				MTL_ENABLE_DEBUG_INFO = INCLUDE_SOURCE;
				MTL_FAST_MATH = YES;
				ONLY_ACTIVE_ARCH = YES;
				SDKROOT = iphoneos;
				SWIFT_ACTIVE_COMPILATION_CONDITIONS = DEBUG;
				SWIFT_OPTIMIZATION_LEVEL = "-Onone";
			};
			name = Debug;
		};
		7078434C294CAE95009C4593 /* Release */ = {
			isa = XCBuildConfiguration;
			buildSettings = {
				ALWAYS_SEARCH_USER_PATHS = NO;
				CLANG_ANALYZER_NONNULL = YES;
				CLANG_ANALYZER_NUMBER_OBJECT_CONVERSION = YES_AGGRESSIVE;
				CLANG_CXX_LANGUAGE_STANDARD = "gnu++20";
				CLANG_ENABLE_MODULES = YES;
				CLANG_ENABLE_OBJC_ARC = YES;
				CLANG_ENABLE_OBJC_WEAK = YES;
				CLANG_WARN_BLOCK_CAPTURE_AUTORELEASING = YES;
				CLANG_WARN_BOOL_CONVERSION = YES;
				CLANG_WARN_COMMA = YES;
				CLANG_WARN_CONSTANT_CONVERSION = YES;
				CLANG_WARN_DEPRECATED_OBJC_IMPLEMENTATIONS = YES;
				CLANG_WARN_DIRECT_OBJC_ISA_USAGE = YES_ERROR;
				CLANG_WARN_DOCUMENTATION_COMMENTS = YES;
				CLANG_WARN_EMPTY_BODY = YES;
				CLANG_WARN_ENUM_CONVERSION = YES;
				CLANG_WARN_INFINITE_RECURSION = YES;
				CLANG_WARN_INT_CONVERSION = YES;
				CLANG_WARN_NON_LITERAL_NULL_CONVERSION = YES;
				CLANG_WARN_OBJC_IMPLICIT_RETAIN_SELF = YES;
				CLANG_WARN_OBJC_LITERAL_CONVERSION = YES;
				CLANG_WARN_OBJC_ROOT_CLASS = YES_ERROR;
				CLANG_WARN_QUOTED_INCLUDE_IN_FRAMEWORK_HEADER = YES;
				CLANG_WARN_RANGE_LOOP_ANALYSIS = YES;
				CLANG_WARN_STRICT_PROTOTYPES = YES;
				CLANG_WARN_SUSPICIOUS_MOVE = YES;
				CLANG_WARN_UNGUARDED_AVAILABILITY = YES_AGGRESSIVE;
				CLANG_WARN_UNREACHABLE_CODE = YES;
				CLANG_WARN__DUPLICATE_METHOD_MATCH = YES;
				COPY_PHASE_STRIP = NO;
				DEBUG_INFORMATION_FORMAT = "dwarf-with-dsym";
				ENABLE_NS_ASSERTIONS = NO;
				ENABLE_STRICT_OBJC_MSGSEND = YES;
				GCC_C_LANGUAGE_STANDARD = gnu11;
				GCC_NO_COMMON_BLOCKS = YES;
				GCC_WARN_64_TO_32_BIT_CONVERSION = YES;
				GCC_WARN_ABOUT_RETURN_TYPE = YES_ERROR;
				GCC_WARN_UNDECLARED_SELECTOR = YES;
				GCC_WARN_UNINITIALIZED_AUTOS = YES_AGGRESSIVE;
				GCC_WARN_UNUSED_FUNCTION = YES;
				GCC_WARN_UNUSED_VARIABLE = YES;
				IPHONEOS_DEPLOYMENT_TARGET = 16.2;
				MTL_ENABLE_DEBUG_INFO = NO;
				MTL_FAST_MATH = YES;
				SDKROOT = iphoneos;
				SWIFT_COMPILATION_MODE = wholemodule;
				SWIFT_OPTIMIZATION_LEVEL = "-O";
				VALIDATE_PRODUCT = YES;
			};
			name = Release;
		};
		7078434E294CAE95009C4593 /* Debug */ = {
			isa = XCBuildConfiguration;
			buildSettings = {
				ASSETCATALOG_COMPILER_APPICON_NAME = AppIcon;
				ASSETCATALOG_COMPILER_GLOBAL_ACCENT_COLOR_NAME = AccentColor;
				CODE_SIGN_STYLE = Automatic;
				CURRENT_PROJECT_VERSION = 1;
				DEVELOPMENT_TEAM = LAKJKZQJ7B;
				GENERATE_INFOPLIST_FILE = YES;
				INFOPLIST_FILE = ArtBookProject/Info.plist;
				INFOPLIST_KEY_UIApplicationSupportsIndirectInputEvents = YES;
				INFOPLIST_KEY_UILaunchStoryboardName = LaunchScreen;
				INFOPLIST_KEY_UIMainStoryboardFile = Main;
				INFOPLIST_KEY_UISupportedInterfaceOrientations_iPad = "UIInterfaceOrientationPortrait UIInterfaceOrientationPortraitUpsideDown UIInterfaceOrientationLandscapeLeft UIInterfaceOrientationLandscapeRight";
				INFOPLIST_KEY_UISupportedInterfaceOrientations_iPhone = "UIInterfaceOrientationPortrait UIInterfaceOrientationLandscapeLeft UIInterfaceOrientationLandscapeRight";
				LD_RUNPATH_SEARCH_PATHS = (
					"$(inherited)",
					"@executable_path/Frameworks",
				);
				MARKETING_VERSION = 1.0;
				PRODUCT_BUNDLE_IDENTIFIER = hmc.ArtBookProject;
				PRODUCT_NAME = "$(TARGET_NAME)";
				SWIFT_EMIT_LOC_STRINGS = YES;
				SWIFT_VERSION = 5.0;
				TARGETED_DEVICE_FAMILY = "1,2";
			};
			name = Debug;
		};
		7078434F294CAE95009C4593 /* Release */ = {
			isa = XCBuildConfiguration;
			buildSettings = {
				ASSETCATALOG_COMPILER_APPICON_NAME = AppIcon;
				ASSETCATALOG_COMPILER_GLOBAL_ACCENT_COLOR_NAME = AccentColor;
				CODE_SIGN_STYLE = Automatic;
				CURRENT_PROJECT_VERSION = 1;
				DEVELOPMENT_TEAM = LAKJKZQJ7B;
				GENERATE_INFOPLIST_FILE = YES;
				INFOPLIST_FILE = ArtBookProject/Info.plist;
				INFOPLIST_KEY_UIApplicationSupportsIndirectInputEvents = YES;
				INFOPLIST_KEY_UILaunchStoryboardName = LaunchScreen;
				INFOPLIST_KEY_UIMainStoryboardFile = Main;
				INFOPLIST_KEY_UISupportedInterfaceOrientations_iPad = "UIInterfaceOrientationPortrait UIInterfaceOrientationPortraitUpsideDown UIInterfaceOrientationLandscapeLeft UIInterfaceOrientationLandscapeRight";
				INFOPLIST_KEY_UISupportedInterfaceOrientations_iPhone = "UIInterfaceOrientationPortrait UIInterfaceOrientationLandscapeLeft UIInterfaceOrientationLandscapeRight";
				LD_RUNPATH_SEARCH_PATHS = (
					"$(inherited)",
					"@executable_path/Frameworks",
				);
				MARKETING_VERSION = 1.0;
				PRODUCT_BUNDLE_IDENTIFIER = hmc.ArtBookProject;
				PRODUCT_NAME = "$(TARGET_NAME)";
				SWIFT_EMIT_LOC_STRINGS = YES;
				SWIFT_VERSION = 5.0;
				TARGETED_DEVICE_FAMILY = "1,2";
			};
			name = Release;
		};
		70784351294CAE95009C4593 /* Debug */ = {
			isa = XCBuildConfiguration;
			buildSettings = {
				ALWAYS_EMBED_SWIFT_STANDARD_LIBRARIES = YES;
				BUNDLE_LOADER = "$(TEST_HOST)";
				CODE_SIGN_STYLE = Automatic;
				CURRENT_PROJECT_VERSION = 1;
				DEVELOPMENT_TEAM = LAKJKZQJ7B;
				GENERATE_INFOPLIST_FILE = YES;
				IPHONEOS_DEPLOYMENT_TARGET = 16.2;
				MARKETING_VERSION = 1.0;
				PRODUCT_BUNDLE_IDENTIFIER = hmc.ArtBookProjectTests;
				PRODUCT_NAME = "$(TARGET_NAME)";
				SWIFT_EMIT_LOC_STRINGS = NO;
				SWIFT_VERSION = 5.0;
				TARGETED_DEVICE_FAMILY = "1,2";
				TEST_HOST = "$(BUILT_PRODUCTS_DIR)/ArtBookProject.app/$(BUNDLE_EXECUTABLE_FOLDER_PATH)/ArtBookProject";
			};
			name = Debug;
		};
		70784352294CAE95009C4593 /* Release */ = {
			isa = XCBuildConfiguration;
			buildSettings = {
				ALWAYS_EMBED_SWIFT_STANDARD_LIBRARIES = YES;
				BUNDLE_LOADER = "$(TEST_HOST)";
				CODE_SIGN_STYLE = Automatic;
				CURRENT_PROJECT_VERSION = 1;
				DEVELOPMENT_TEAM = LAKJKZQJ7B;
				GENERATE_INFOPLIST_FILE = YES;
				IPHONEOS_DEPLOYMENT_TARGET = 16.2;
				MARKETING_VERSION = 1.0;
				PRODUCT_BUNDLE_IDENTIFIER = hmc.ArtBookProjectTests;
				PRODUCT_NAME = "$(TARGET_NAME)";
				SWIFT_EMIT_LOC_STRINGS = NO;
				SWIFT_VERSION = 5.0;
				TARGETED_DEVICE_FAMILY = "1,2";
				TEST_HOST = "$(BUILT_PRODUCTS_DIR)/ArtBookProject.app/$(BUNDLE_EXECUTABLE_FOLDER_PATH)/ArtBookProject";
			};
			name = Release;
		};
		70784354294CAE95009C4593 /* Debug */ = {
			isa = XCBuildConfiguration;
			buildSettings = {
				ALWAYS_EMBED_SWIFT_STANDARD_LIBRARIES = YES;
				CODE_SIGN_STYLE = Automatic;
				CURRENT_PROJECT_VERSION = 1;
				DEVELOPMENT_TEAM = LAKJKZQJ7B;
				GENERATE_INFOPLIST_FILE = YES;
				MARKETING_VERSION = 1.0;
				PRODUCT_BUNDLE_IDENTIFIER = hmc.ArtBookProjectUITests;
				PRODUCT_NAME = "$(TARGET_NAME)";
				SWIFT_EMIT_LOC_STRINGS = NO;
				SWIFT_VERSION = 5.0;
				TARGETED_DEVICE_FAMILY = "1,2";
				TEST_TARGET_NAME = ArtBookProject;
			};
			name = Debug;
		};
		70784355294CAE95009C4593 /* Release */ = {
			isa = XCBuildConfiguration;
			buildSettings = {
				ALWAYS_EMBED_SWIFT_STANDARD_LIBRARIES = YES;
				CODE_SIGN_STYLE = Automatic;
				CURRENT_PROJECT_VERSION = 1;
				DEVELOPMENT_TEAM = LAKJKZQJ7B;
				GENERATE_INFOPLIST_FILE = YES;
				MARKETING_VERSION = 1.0;
				PRODUCT_BUNDLE_IDENTIFIER = hmc.ArtBookProjectUITests;
				PRODUCT_NAME = "$(TARGET_NAME)";
				SWIFT_EMIT_LOC_STRINGS = NO;
				SWIFT_VERSION = 5.0;
				TARGETED_DEVICE_FAMILY = "1,2";
				TEST_TARGET_NAME = ArtBookProject;
			};
			name = Release;
		};
/* End XCBuildConfiguration section */

/* Begin XCConfigurationList section */
		7078431B294CAE93009C4593 /* Build configuration list for PBXProject "ArtBookProject" */ = {
			isa = XCConfigurationList;
			buildConfigurations = (
				7078434B294CAE95009C4593 /* Debug */,
				7078434C294CAE95009C4593 /* Release */,
			);
			defaultConfigurationIsVisible = 0;
			defaultConfigurationName = Release;
		};
		7078434D294CAE95009C4593 /* Build configuration list for PBXNativeTarget "ArtBookProject" */ = {
			isa = XCConfigurationList;
			buildConfigurations = (
				7078434E294CAE95009C4593 /* Debug */,
				7078434F294CAE95009C4593 /* Release */,
			);
			defaultConfigurationIsVisible = 0;
			defaultConfigurationName = Release;
		};
		70784350294CAE95009C4593 /* Build configuration list for PBXNativeTarget "ArtBookProjectTests" */ = {
			isa = XCConfigurationList;
			buildConfigurations = (
				70784351294CAE95009C4593 /* Debug */,
				70784352294CAE95009C4593 /* Release */,
			);
			defaultConfigurationIsVisible = 0;
			defaultConfigurationName = Release;
		};
		70784353294CAE95009C4593 /* Build configuration list for PBXNativeTarget "ArtBookProjectUITests" */ = {
			isa = XCConfigurationList;
			buildConfigurations = (
				70784354294CAE95009C4593 /* Debug */,
				70784355294CAE95009C4593 /* Release */,
			);
			defaultConfigurationIsVisible = 0;
			defaultConfigurationName = Release;
		};
/* End XCConfigurationList section */

/* Begin XCVersionGroup section */
		7078432C294CAE93009C4593 /* ArtBookProject.xcdatamodeld */ = {
			isa = XCVersionGroup;
			children = (
				7078432D294CAE93009C4593 /* ArtBookProject.xcdatamodel */,
			);
			currentVersion = 7078432D294CAE93009C4593 /* ArtBookProject.xcdatamodel */;
			path = ArtBookProject.xcdatamodeld;
			sourceTree = "<group>";
			versionGroupType = wrapper.xcdatamodel;
		};
/* End XCVersionGroup section */
	};
	rootObject = 70784318294CAE93009C4593 /* Project object */;
}
